// !$*UTF8*$!
{
	archiveVersion = 1;
	classes = {
	};
	objectVersion = 50;
	objects = {

/* Begin PBXBuildFile section */
		1E19BD4123DA828A00047048 /* WindowModalController.swift in Sources */ = {isa = PBXBuildFile; fileRef = 1E19BD4023DA828A00047048 /* WindowModalController.swift */; };
		1E19BD4323DA834D00047048 /* SampleViewController.swift in Sources */ = {isa = PBXBuildFile; fileRef = 1E19BD4223DA834D00047048 /* SampleViewController.swift */; };
		1E5B722723DA7F5C0012B86A /* AppDelegate.swift in Sources */ = {isa = PBXBuildFile; fileRef = 1E5B722623DA7F5C0012B86A /* AppDelegate.swift */; };
		1E5B722923DA7F5C0012B86A /* ViewController.swift in Sources */ = {isa = PBXBuildFile; fileRef = 1E5B722823DA7F5C0012B86A /* ViewController.swift */; };
		1E5B722C23DA7F5C0012B86A /* Main.storyboard in Resources */ = {isa = PBXBuildFile; fileRef = 1E5B722A23DA7F5C0012B86A /* Main.storyboard */; };
		1E5B722E23DA7F5D0012B86A /* Assets.xcassets in Resources */ = {isa = PBXBuildFile; fileRef = 1E5B722D23DA7F5D0012B86A /* Assets.xcassets */; };
		1E5B723123DA7F5D0012B86A /* LaunchScreen.storyboard in Resources */ = {isa = PBXBuildFile; fileRef = 1E5B722F23DA7F5D0012B86A /* LaunchScreen.storyboard */; };
		1E5B723C23DA7F5D0012B86A /* MultiWindowModalExampleTests.swift in Sources */ = {isa = PBXBuildFile; fileRef = 1E5B723B23DA7F5D0012B86A /* MultiWindowModalExampleTests.swift */; };
		1E5B724723DA7F5D0012B86A /* MultiWindowModalExampleUITests.swift in Sources */ = {isa = PBXBuildFile; fileRef = 1E5B724623DA7F5D0012B86A /* MultiWindowModalExampleUITests.swift */; };
/* End PBXBuildFile section */

/* Begin PBXContainerItemProxy section */
		1E5B723823DA7F5D0012B86A /* PBXContainerItemProxy */ = {
			isa = PBXContainerItemProxy;
			containerPortal = 1E5B721B23DA7F5C0012B86A /* Project object */;
			proxyType = 1;
			remoteGlobalIDString = 1E5B722223DA7F5C0012B86A;
			remoteInfo = MultiWindowModalExample;
		};
		1E5B724323DA7F5D0012B86A /* PBXContainerItemProxy */ = {
			isa = PBXContainerItemProxy;
			containerPortal = 1E5B721B23DA7F5C0012B86A /* Project object */;
			proxyType = 1;
			remoteGlobalIDString = 1E5B722223DA7F5C0012B86A;
			remoteInfo = MultiWindowModalExample;
		};
/* End PBXContainerItemProxy section */

/* Begin PBXFileReference section */
		1E19BD4023DA828A00047048 /* WindowModalController.swift */ = {isa = PBXFileReference; lastKnownFileType = sourcecode.swift; path = WindowModalController.swift; sourceTree = "<group>"; };
		1E19BD4223DA834D00047048 /* SampleViewController.swift */ = {isa = PBXFileReference; lastKnownFileType = sourcecode.swift; path = SampleViewController.swift; sourceTree = "<group>"; };
		1E5B722323DA7F5C0012B86A /* MultiWindowModalExample.app */ = {isa = PBXFileReference; explicitFileType = wrapper.application; includeInIndex = 0; path = MultiWindowModalExample.app; sourceTree = BUILT_PRODUCTS_DIR; };
		1E5B722623DA7F5C0012B86A /* AppDelegate.swift */ = {isa = PBXFileReference; lastKnownFileType = sourcecode.swift; path = AppDelegate.swift; sourceTree = "<group>"; };
		1E5B722823DA7F5C0012B86A /* ViewController.swift */ = {isa = PBXFileReference; lastKnownFileType = sourcecode.swift; path = ViewController.swift; sourceTree = "<group>"; };
		1E5B722B23DA7F5C0012B86A /* Base */ = {isa = PBXFileReference; lastKnownFileType = file.storyboard; name = Base; path = Base.lproj/Main.storyboard; sourceTree = "<group>"; };
		1E5B722D23DA7F5D0012B86A /* Assets.xcassets */ = {isa = PBXFileReference; lastKnownFileType = folder.assetcatalog; path = Assets.xcassets; sourceTree = "<group>"; };
		1E5B723023DA7F5D0012B86A /* Base */ = {isa = PBXFileReference; lastKnownFileType = file.storyboard; name = Base; path = Base.lproj/LaunchScreen.storyboard; sourceTree = "<group>"; };
		1E5B723223DA7F5D0012B86A /* Info.plist */ = {isa = PBXFileReference; lastKnownFileType = text.plist.xml; path = Info.plist; sourceTree = "<group>"; };
		1E5B723723DA7F5D0012B86A /* MultiWindowModalExampleTests.xctest */ = {isa = PBXFileReference; explicitFileType = wrapper.cfbundle; includeInIndex = 0; path = MultiWindowModalExampleTests.xctest; sourceTree = BUILT_PRODUCTS_DIR; };
		1E5B723B23DA7F5D0012B86A /* MultiWindowModalExampleTests.swift */ = {isa = PBXFileReference; lastKnownFileType = sourcecode.swift; path = MultiWindowModalExampleTests.swift; sourceTree = "<group>"; };
		1E5B723D23DA7F5D0012B86A /* Info.plist */ = {isa = PBXFileReference; lastKnownFileType = text.plist.xml; path = Info.plist; sourceTree = "<group>"; };
		1E5B724223DA7F5D0012B86A /* MultiWindowModalExampleUITests.xctest */ = {isa = PBXFileReference; explicitFileType = wrapper.cfbundle; includeInIndex = 0; path = MultiWindowModalExampleUITests.xctest; sourceTree = BUILT_PRODUCTS_DIR; };
		1E5B724623DA7F5D0012B86A /* MultiWindowModalExampleUITests.swift */ = {isa = PBXFileReference; lastKnownFileType = sourcecode.swift; path = MultiWindowModalExampleUITests.swift; sourceTree = "<group>"; };
		1E5B724823DA7F5D0012B86A /* Info.plist */ = {isa = PBXFileReference; lastKnownFileType = text.plist.xml; path = Info.plist; sourceTree = "<group>"; };
/* End PBXFileReference section */

/* Begin PBXFrameworksBuildPhase section */
		1E5B722023DA7F5C0012B86A /* Frameworks */ = {
			isa = PBXFrameworksBuildPhase;
			buildActionMask = 2147483647;
			files = (
			);
			runOnlyForDeploymentPostprocessing = 0;
		};
		1E5B723423DA7F5D0012B86A /* Frameworks */ = {
			isa = PBXFrameworksBuildPhase;
			buildActionMask = 2147483647;
			files = (
			);
			runOnlyForDeploymentPostprocessing = 0;
		};
		1E5B723F23DA7F5D0012B86A /* Frameworks */ = {
			isa = PBXFrameworksBuildPhase;
			buildActionMask = 2147483647;
			files = (
			);
			runOnlyForDeploymentPostprocessing = 0;
		};
/* End PBXFrameworksBuildPhase section */

/* Begin PBXGroup section */
		1E5B721A23DA7F5C0012B86A = {
			isa = PBXGroup;
			children = (
				1E5B722523DA7F5C0012B86A /* MultiWindowModalExample */,
				1E5B723A23DA7F5D0012B86A /* MultiWindowModalExampleTests */,
				1E5B724523DA7F5D0012B86A /* MultiWindowModalExampleUITests */,
				1E5B722423DA7F5C0012B86A /* Products */,
			);
			sourceTree = "<group>";
		};
		1E5B722423DA7F5C0012B86A /* Products */ = {
			isa = PBXGroup;
			children = (
				1E5B722323DA7F5C0012B86A /* MultiWindowModalExample.app */,
				1E5B723723DA7F5D0012B86A /* MultiWindowModalExampleTests.xctest */,
				1E5B724223DA7F5D0012B86A /* MultiWindowModalExampleUITests.xctest */,
			);
			name = Products;
			sourceTree = "<group>";
		};
		1E5B722523DA7F5C0012B86A /* MultiWindowModalExample */ = {
			isa = PBXGroup;
			children = (
				1E5B722623DA7F5C0012B86A /* AppDelegate.swift */,
				1E5B722823DA7F5C0012B86A /* ViewController.swift */,
				1E5B722A23DA7F5C0012B86A /* Main.storyboard */,
				1E5B722D23DA7F5D0012B86A /* Assets.xcassets */,
				1E5B722F23DA7F5D0012B86A /* LaunchScreen.storyboard */,
				1E5B723223DA7F5D0012B86A /* Info.plist */,
				1E19BD4023DA828A00047048 /* WindowModalController.swift */,
				1E19BD4223DA834D00047048 /* SampleViewController.swift */,
			);
			path = MultiWindowModalExample;
			sourceTree = "<group>";
		};
		1E5B723A23DA7F5D0012B86A /* MultiWindowModalExampleTests */ = {
			isa = PBXGroup;
			children = (
				1E5B723B23DA7F5D0012B86A /* MultiWindowModalExampleTests.swift */,
				1E5B723D23DA7F5D0012B86A /* Info.plist */,
			);
			path = MultiWindowModalExampleTests;
			sourceTree = "<group>";
		};
		1E5B724523DA7F5D0012B86A /* MultiWindowModalExampleUITests */ = {
			isa = PBXGroup;
			children = (
				1E5B724623DA7F5D0012B86A /* MultiWindowModalExampleUITests.swift */,
				1E5B724823DA7F5D0012B86A /* Info.plist */,
			);
			path = MultiWindowModalExampleUITests;
			sourceTree = "<group>";
		};
/* End PBXGroup section */

/* Begin PBXNativeTarget section */
		1E5B722223DA7F5C0012B86A /* MultiWindowModalExample */ = {
			isa = PBXNativeTarget;
			buildConfigurationList = 1E5B724B23DA7F5D0012B86A /* Build configuration list for PBXNativeTarget "MultiWindowModalExample" */;
			buildPhases = (
				1E5B721F23DA7F5C0012B86A /* Sources */,
				1E5B722023DA7F5C0012B86A /* Frameworks */,
				1E5B722123DA7F5C0012B86A /* Resources */,
			);
			buildRules = (
			);
			dependencies = (
			);
			name = MultiWindowModalExample;
			productName = MultiWindowModalExample;
			productReference = 1E5B722323DA7F5C0012B86A /* MultiWindowModalExample.app */;
			productType = "com.apple.product-type.application";
		};
		1E5B723623DA7F5D0012B86A /* MultiWindowModalExampleTests */ = {
			isa = PBXNativeTarget;
			buildConfigurationList = 1E5B724E23DA7F5D0012B86A /* Build configuration list for PBXNativeTarget "MultiWindowModalExampleTests" */;
			buildPhases = (
				1E5B723323DA7F5D0012B86A /* Sources */,
				1E5B723423DA7F5D0012B86A /* Frameworks */,
				1E5B723523DA7F5D0012B86A /* Resources */,
			);
			buildRules = (
			);
			dependencies = (
				1E5B723923DA7F5D0012B86A /* PBXTargetDependency */,
			);
			name = MultiWindowModalExampleTests;
			productName = MultiWindowModalExampleTests;
			productReference = 1E5B723723DA7F5D0012B86A /* MultiWindowModalExampleTests.xctest */;
			productType = "com.apple.product-type.bundle.unit-test";
		};
		1E5B724123DA7F5D0012B86A /* MultiWindowModalExampleUITests */ = {
			isa = PBXNativeTarget;
			buildConfigurationList = 1E5B725123DA7F5D0012B86A /* Build configuration list for PBXNativeTarget "MultiWindowModalExampleUITests" */;
			buildPhases = (
				1E5B723E23DA7F5D0012B86A /* Sources */,
				1E5B723F23DA7F5D0012B86A /* Frameworks */,
				1E5B724023DA7F5D0012B86A /* Resources */,
			);
			buildRules = (
			);
			dependencies = (
				1E5B724423DA7F5D0012B86A /* PBXTargetDependency */,
			);
			name = MultiWindowModalExampleUITests;
			productName = MultiWindowModalExampleUITests;
			productReference = 1E5B724223DA7F5D0012B86A /* MultiWindowModalExampleUITests.xctest */;
			productType = "com.apple.product-type.bundle.ui-testing";
		};
/* End PBXNativeTarget section */

/* Begin PBXProject section */
		1E5B721B23DA7F5C0012B86A /* Project object */ = {
			isa = PBXProject;
			attributes = {
				LastSwiftUpdateCheck = 1030;
				LastUpgradeCheck = 1030;
				ORGANIZATIONNAME = "長内幸太郎";
				TargetAttributes = {
					1E5B722223DA7F5C0012B86A = {
						CreatedOnToolsVersion = 10.3;
					};
					1E5B723623DA7F5D0012B86A = {
						CreatedOnToolsVersion = 10.3;
						TestTargetID = 1E5B722223DA7F5C0012B86A;
					};
					1E5B724123DA7F5D0012B86A = {
						CreatedOnToolsVersion = 10.3;
						TestTargetID = 1E5B722223DA7F5C0012B86A;
					};
				};
			};
			buildConfigurationList = 1E5B721E23DA7F5C0012B86A /* Build configuration list for PBXProject "MultiWindowModalExample" */;
			compatibilityVersion = "Xcode 9.3";
			developmentRegion = en;
			hasScannedForEncodings = 0;
			knownRegions = (
				en,
				Base,
			);
			mainGroup = 1E5B721A23DA7F5C0012B86A;
			productRefGroup = 1E5B722423DA7F5C0012B86A /* Products */;
			projectDirPath = "";
			projectRoot = "";
			targets = (
				1E5B722223DA7F5C0012B86A /* MultiWindowModalExample */,
				1E5B723623DA7F5D0012B86A /* MultiWindowModalExampleTests */,
				1E5B724123DA7F5D0012B86A /* MultiWindowModalExampleUITests */,
			);
		};
/* End PBXProject section */

/* Begin PBXResourcesBuildPhase section */
		1E5B722123DA7F5C0012B86A /* Resources */ = {
			isa = PBXResourcesBuildPhase;
			buildActionMask = 2147483647;
			files = (
				1E5B723123DA7F5D0012B86A /* LaunchScreen.storyboard in Resources */,
				1E5B722E23DA7F5D0012B86A /* Assets.xcassets in Resources */,
				1E5B722C23DA7F5C0012B86A /* Main.storyboard in Resources */,
			);
			runOnlyForDeploymentPostprocessing = 0;
		};
		1E5B723523DA7F5D0012B86A /* Resources */ = {
			isa = PBXResourcesBuildPhase;
			buildActionMask = 2147483647;
			files = (
			);
			runOnlyForDeploymentPostprocessing = 0;
		};
		1E5B724023DA7F5D0012B86A /* Resources */ = {
			isa = PBXResourcesBuildPhase;
			buildActionMask = 2147483647;
			files = (
			);
			runOnlyForDeploymentPostprocessing = 0;
		};
/* End PBXResourcesBuildPhase section */

/* Begin PBXSourcesBuildPhase section */
		1E5B721F23DA7F5C0012B86A /* Sources */ = {
			isa = PBXSourcesBuildPhase;
			buildActionMask = 2147483647;
			files = (
				1E5B722923DA7F5C0012B86A /* ViewController.swift in Sources */,
				1E5B722723DA7F5C0012B86A /* AppDelegate.swift in Sources */,
				1E19BD4323DA834D00047048 /* SampleViewController.swift in Sources */,
				1E19BD4123DA828A00047048 /* WindowModalController.swift in Sources */,
			);
			runOnlyForDeploymentPostprocessing = 0;
		};
		1E5B723323DA7F5D0012B86A /* Sources */ = {
			isa = PBXSourcesBuildPhase;
			buildActionMask = 2147483647;
			files = (
				1E5B723C23DA7F5D0012B86A /* MultiWindowModalExampleTests.swift in Sources */,
			);
			runOnlyForDeploymentPostprocessing = 0;
		};
		1E5B723E23DA7F5D0012B86A /* Sources */ = {
			isa = PBXSourcesBuildPhase;
			buildActionMask = 2147483647;
			files = (
				1E5B724723DA7F5D0012B86A /* MultiWindowModalExampleUITests.swift in Sources */,
			);
			runOnlyForDeploymentPostprocessing = 0;
		};
/* End PBXSourcesBuildPhase section */

/* Begin PBXTargetDependency section */
		1E5B723923DA7F5D0012B86A /* PBXTargetDependency */ = {
			isa = PBXTargetDependency;
			target = 1E5B722223DA7F5C0012B86A /* MultiWindowModalExample */;
			targetProxy = 1E5B723823DA7F5D0012B86A /* PBXContainerItemProxy */;
		};
		1E5B724423DA7F5D0012B86A /* PBXTargetDependency */ = {
			isa = PBXTargetDependency;
			target = 1E5B722223DA7F5C0012B86A /* MultiWindowModalExample */;
			targetProxy = 1E5B724323DA7F5D0012B86A /* PBXContainerItemProxy */;
		};
/* End PBXTargetDependency section */

/* Begin PBXVariantGroup section */
		1E5B722A23DA7F5C0012B86A /* Main.storyboard */ = {
			isa = PBXVariantGroup;
			children = (
				1E5B722B23DA7F5C0012B86A /* Base */,
			);
			name = Main.storyboard;
			sourceTree = "<group>";
		};
		1E5B722F23DA7F5D0012B86A /* LaunchScreen.storyboard */ = {
			isa = PBXVariantGroup;
			children = (
				1E5B723023DA7F5D0012B86A /* Base */,
			);
			name = LaunchScreen.storyboard;
			sourceTree = "<group>";
		};
/* End PBXVariantGroup section */

/* Begin XCBuildConfiguration section */
		1E5B724923DA7F5D0012B86A /* Debug */ = {
			isa = XCBuildConfiguration;
			buildSettings = {
				ALWAYS_SEARCH_USER_PATHS = NO;
				CLANG_ANALYZER_NONNULL = YES;
				CLANG_ANALYZER_NUMBER_OBJECT_CONVERSION = YES_AGGRESSIVE;
				CLANG_CXX_LANGUAGE_STANDARD = "gnu++14";
				CLANG_CXX_LIBRARY = "libc++";
				CLANG_ENABLE_MODULES = YES;
				CLANG_ENABLE_OBJC_ARC = YES;
				CLANG_ENABLE_OBJC_WEAK = YES;
				CLANG_WARN_BLOCK_CAPTURE_AUTORELEASING = YES;
				CLANG_WARN_BOOL_CONVERSION = YES;
				CLANG_WARN_COMMA = YES;
				CLANG_WARN_CONSTANT_CONVERSION = YES;
				CLANG_WARN_DEPRECATED_OBJC_IMPLEMENTATIONS = YES;
				CLANG_WARN_DIRECT_OBJC_ISA_USAGE = YES_ERROR;
				CLANG_WARN_DOCUMENTATION_COMMENTS = YES;
				CLANG_WARN_EMPTY_BODY = YES;
				CLANG_WARN_ENUM_CONVERSION = YES;
				CLANG_WARN_INFINITE_RECURSION = YES;
				CLANG_WARN_INT_CONVERSION = YES;
				CLANG_WARN_NON_LITERAL_NULL_CONVERSION = YES;
				CLANG_WARN_OBJC_IMPLICIT_RETAIN_SELF = YES;
				CLANG_WARN_OBJC_LITERAL_CONVERSION = YES;
				CLANG_WARN_OBJC_ROOT_CLASS = YES_ERROR;
				CLANG_WARN_RANGE_LOOP_ANALYSIS = YES;
				CLANG_WARN_STRICT_PROTOTYPES = YES;
				CLANG_WARN_SUSPICIOUS_MOVE = YES;
				CLANG_WARN_UNGUARDED_AVAILABILITY = YES_AGGRESSIVE;
				CLANG_WARN_UNREACHABLE_CODE = YES;
				CLANG_WARN__DUPLICATE_METHOD_MATCH = YES;
				CODE_SIGN_IDENTITY = "iPhone Developer";
				COPY_PHASE_STRIP = NO;
				DEBUG_INFORMATION_FORMAT = dwarf;
				ENABLE_STRICT_OBJC_MSGSEND = YES;
				ENABLE_TESTABILITY = YES;
				GCC_C_LANGUAGE_STANDARD = gnu11;
				GCC_DYNAMIC_NO_PIC = NO;
				GCC_NO_COMMON_BLOCKS = YES;
				GCC_OPTIMIZATION_LEVEL = 0;
				GCC_PREPROCESSOR_DEFINITIONS = (
					"DEBUG=1",
					"$(inherited)",
				);
				GCC_WARN_64_TO_32_BIT_CONVERSION = YES;
				GCC_WARN_ABOUT_RETURN_TYPE = YES_ERROR;
				GCC_WARN_UNDECLARED_SELECTOR = YES;
				GCC_WARN_UNINITIALIZED_AUTOS = YES_AGGRESSIVE;
				GCC_WARN_UNUSED_FUNCTION = YES;
				GCC_WARN_UNUSED_VARIABLE = YES;
				IPHONEOS_DEPLOYMENT_TARGET = 12.4;
				MTL_ENABLE_DEBUG_INFO = INCLUDE_SOURCE;
				MTL_FAST_MATH = YES;
				ONLY_ACTIVE_ARCH = YES;
				SDKROOT = iphoneos;
				SWIFT_ACTIVE_COMPILATION_CONDITIONS = DEBUG;
				SWIFT_OPTIMIZATION_LEVEL = "-Onone";
			};
			name = Debug;
		};
		1E5B724A23DA7F5D0012B86A /* Release */ = {
			isa = XCBuildConfiguration;
			buildSettings = {
				ALWAYS_SEARCH_USER_PATHS = NO;
				CLANG_ANALYZER_NONNULL = YES;
				CLANG_ANALYZER_NUMBER_OBJECT_CONVERSION = YES_AGGRESSIVE;
				CLANG_CXX_LANGUAGE_STANDARD = "gnu++14";
				CLANG_CXX_LIBRARY = "libc++";
				CLANG_ENABLE_MODULES = YES;
				CLANG_ENABLE_OBJC_ARC = YES;
				CLANG_ENABLE_OBJC_WEAK = YES;
				CLANG_WARN_BLOCK_CAPTURE_AUTORELEASING = YES;
				CLANG_WARN_BOOL_CONVERSION = YES;
				CLANG_WARN_COMMA = YES;
				CLANG_WARN_CONSTANT_CONVERSION = YES;
				CLANG_WARN_DEPRECATED_OBJC_IMPLEMENTATIONS = YES;
				CLANG_WARN_DIRECT_OBJC_ISA_USAGE = YES_ERROR;
				CLANG_WARN_DOCUMENTATION_COMMENTS = YES;
				CLANG_WARN_EMPTY_BODY = YES;
				CLANG_WARN_ENUM_CONVERSION = YES;
				CLANG_WARN_INFINITE_RECURSION = YES;
				CLANG_WARN_INT_CONVERSION = YES;
				CLANG_WARN_NON_LITERAL_NULL_CONVERSION = YES;
				CLANG_WARN_OBJC_IMPLICIT_RETAIN_SELF = YES;
				CLANG_WARN_OBJC_LITERAL_CONVERSION = YES;
				CLANG_WARN_OBJC_ROOT_CLASS = YES_ERROR;
				CLANG_WARN_RANGE_LOOP_ANALYSIS = YES;
				CLANG_WARN_STRICT_PROTOTYPES = YES;
				CLANG_WARN_SUSPICIOUS_MOVE = YES;
				CLANG_WARN_UNGUARDED_AVAILABILITY = YES_AGGRESSIVE;
				CLANG_WARN_UNREACHABLE_CODE = YES;
				CLANG_WARN__DUPLICATE_METHOD_MATCH = YES;
				CODE_SIGN_IDENTITY = "iPhone Developer";
				COPY_PHASE_STRIP = NO;
				DEBUG_INFORMATION_FORMAT = "dwarf-with-dsym";
				ENABLE_NS_ASSERTIONS = NO;
				ENABLE_STRICT_OBJC_MSGSEND = YES;
				GCC_C_LANGUAGE_STANDARD = gnu11;
				GCC_NO_COMMON_BLOCKS = YES;
				GCC_WARN_64_TO_32_BIT_CONVERSION = YES;
				GCC_WARN_ABOUT_RETURN_TYPE = YES_ERROR;
				GCC_WARN_UNDECLARED_SELECTOR = YES;
				GCC_WARN_UNINITIALIZED_AUTOS = YES_AGGRESSIVE;
				GCC_WARN_UNUSED_FUNCTION = YES;
				GCC_WARN_UNUSED_VARIABLE = YES;
				IPHONEOS_DEPLOYMENT_TARGET = 12.4;
				MTL_ENABLE_DEBUG_INFO = NO;
				MTL_FAST_MATH = YES;
				SDKROOT = iphoneos;
				SWIFT_COMPILATION_MODE = wholemodule;
				SWIFT_OPTIMIZATION_LEVEL = "-O";
				VALIDATE_PRODUCT = YES;
			};
			name = Release;
		};
		1E5B724C23DA7F5D0012B86A /* Debug */ = {
			isa = XCBuildConfiguration;
			buildSettings = {
				ASSETCATALOG_COMPILER_APPICON_NAME = AppIcon;
				CODE_SIGN_STYLE = Automatic;
				DEVELOPMENT_TEAM = U7MW83A3B2;
				INFOPLIST_FILE = MultiWindowModalExample/Info.plist;
				LD_RUNPATH_SEARCH_PATHS = (
					"$(inherited)",
					"@executable_path/Frameworks",
				);
				PRODUCT_BUNDLE_IDENTIFIER = jp.osanaikoutarou.MultiWindowModalExample;
				PRODUCT_NAME = "$(TARGET_NAME)";
				SWIFT_VERSION = 5.0;
				TARGETED_DEVICE_FAMILY = "1,2";
			};
			name = Debug;
		};
		1E5B724D23DA7F5D0012B86A /* Release */ = {
			isa = XCBuildConfiguration;
			buildSettings = {
				ASSETCATALOG_COMPILER_APPICON_NAME = AppIcon;
				CODE_SIGN_STYLE = Automatic;
				DEVELOPMENT_TEAM = U7MW83A3B2;
				INFOPLIST_FILE = MultiWindowModalExample/Info.plist;
				LD_RUNPATH_SEARCH_PATHS = (
					"$(inherited)",
					"@executable_path/Frameworks",
				);
				PRODUCT_BUNDLE_IDENTIFIER = jp.osanaikoutarou.MultiWindowModalExample;
				PRODUCT_NAME = "$(TARGET_NAME)";
				SWIFT_VERSION = 5.0;
				TARGETED_DEVICE_FAMILY = "1,2";
			};
			name = Release;
		};
		1E5B724F23DA7F5D0012B86A /* Debug */ = {
			isa = XCBuildConfiguration;
			buildSettings = {
				ALWAYS_EMBED_SWIFT_STANDARD_LIBRARIES = YES;
				BUNDLE_LOADER = "$(TEST_HOST)";
				CODE_SIGN_STYLE = Automatic;
				DEVELOPMENT_TEAM = U7MW83A3B2;
				INFOPLIST_FILE = MultiWindowModalExampleTests/Info.plist;
				LD_RUNPATH_SEARCH_PATHS = (
					"$(inherited)",
					"@executable_path/Frameworks",
					"@loader_path/Frameworks",
				);
				PRODUCT_BUNDLE_IDENTIFIER = jp.osanaikoutarou.MultiWindowModalExampleTests;
				PRODUCT_NAME = "$(TARGET_NAME)";
				SWIFT_VERSION = 5.0;
				TARGETED_DEVICE_FAMILY = "1,2";
				TEST_HOST = "$(BUILT_PRODUCTS_DIR)/MultiWindowModalExample.app/MultiWindowModalExample";
			};
			name = Debug;
		};
		1E5B725023DA7F5D0012B86A /* Release */ = {
			isa = XCBuildConfiguration;
			buildSettings = {
				ALWAYS_EMBED_SWIFT_STANDARD_LIBRARIES = YES;
				BUNDLE_LOADER = "$(TEST_HOST)";
				CODE_SIGN_STYLE = Automatic;
				DEVELOPMENT_TEAM = U7MW83A3B2;
				INFOPLIST_FILE = MultiWindowModalExampleTests/Info.plist;
				LD_RUNPATH_SEARCH_PATHS = (
					"$(inherited)",
					"@executable_path/Frameworks",
					"@loader_path/Frameworks",
				);
				PRODUCT_BUNDLE_IDENTIFIER = jp.osanaikoutarou.MultiWindowModalExampleTests;
				PRODUCT_NAME = "$(TARGET_NAME)";
				SWIFT_VERSION = 5.0;
				TARGETED_DEVICE_FAMILY = "1,2";
				TEST_HOST = "$(BUILT_PRODUCTS_DIR)/MultiWindowModalExample.app/MultiWindowModalExample";
			};
			name = Release;
		};
		1E5B725223DA7F5D0012B86A /* Debug */ = {
			isa = XCBuildConfiguration;
			buildSettings = {
				ALWAYS_EMBED_SWIFT_STANDARD_LIBRARIES = YES;
				CODE_SIGN_STYLE = Automatic;
				DEVELOPMENT_TEAM = U7MW83A3B2;
				INFOPLIST_FILE = MultiWindowModalExampleUITests/Info.plist;
				LD_RUNPATH_SEARCH_PATHS = (
					"$(inherited)",
					"@executable_path/Frameworks",
					"@loader_path/Frameworks",
				);
				PRODUCT_BUNDLE_IDENTIFIER = jp.osanaikoutarou.MultiWindowModalExampleUITests;
				PRODUCT_NAME = "$(TARGET_NAME)";
				SWIFT_VERSION = 5.0;
				TARGETED_DEVICE_FAMILY = "1,2";
				TEST_TARGET_NAME = MultiWindowModalExample;
			};
			name = Debug;
		};
		1E5B725323DA7F5D0012B86A /* Release */ = {
			isa = XCBuildConfiguration;
			buildSettings = {
				ALWAYS_EMBED_SWIFT_STANDARD_LIBRARIES = YES;
				CODE_SIGN_STYLE = Automatic;
				DEVELOPMENT_TEAM = U7MW83A3B2;
				INFOPLIST_FILE = MultiWindowModalExampleUITests/Info.plist;
				LD_RUNPATH_SEARCH_PATHS = (
					"$(inherited)",
					"@executable_path/Frameworks",
					"@loader_path/Frameworks",
				);
				PRODUCT_BUNDLE_IDENTIFIER = jp.osanaikoutarou.MultiWindowModalExampleUITests;
				PRODUCT_NAME = "$(TARGET_NAME)";
				SWIFT_VERSION = 5.0;
				TARGETED_DEVICE_FAMILY = "1,2";
				TEST_TARGET_NAME = MultiWindowModalExample;
			};
			name = Release;
		};
/* End XCBuildConfiguration section */

/* Begin XCConfigurationList section */
		1E5B721E23DA7F5C0012B86A /* Build configuration list for PBXProject "MultiWindowModalExample" */ = {
			isa = XCConfigurationList;
			buildConfigurations = (
				1E5B724923DA7F5D0012B86A /* Debug */,
				1E5B724A23DA7F5D0012B86A /* Release */,
			);
			defaultConfigurationIsVisible = 0;
			defaultConfigurationName = Release;
		};
		1E5B724B23DA7F5D0012B86A /* Build configuration list for PBXNativeTarget "MultiWindowModalExample" */ = {
			isa = XCConfigurationList;
			buildConfigurations = (
				1E5B724C23DA7F5D0012B86A /* Debug */,
				1E5B724D23DA7F5D0012B86A /* Release */,
			);
			defaultConfigurationIsVisible = 0;
			defaultConfigurationName = Release;
		};
		1E5B724E23DA7F5D0012B86A /* Build configuration list for PBXNativeTarget "MultiWindowModalExampleTests" */ = {
			isa = XCConfigurationList;
			buildConfigurations = (
				1E5B724F23DA7F5D0012B86A /* Debug */,
				1E5B725023DA7F5D0012B86A /* Release */,
			);
			defaultConfigurationIsVisible = 0;
			defaultConfigurationName = Release;
		};
		1E5B725123DA7F5D0012B86A /* Build configuration list for PBXNativeTarget "MultiWindowModalExampleUITests" */ = {
			isa = XCConfigurationList;
			buildConfigurations = (
				1E5B725223DA7F5D0012B86A /* Debug */,
				1E5B725323DA7F5D0012B86A /* Release */,
			);
			defaultConfigurationIsVisible = 0;
			defaultConfigurationName = Release;
		};
/* End XCConfigurationList section */
	};
	rootObject = 1E5B721B23DA7F5C0012B86A /* Project object */;
}
